
Microsoft Visual Studio Solution File, Format Version 12.00
# Visual Studio Version 17
VisualStudioVersion = 17.6.33829.357
MinimumVisualStudioVersion = 10.0.40219.1
Project("{9A19103F-16F7-4668-BE54-9A1E7A4F7556}") = "SeguroVeiculo.Domain", "SeguroVeiculo.Domain\SeguroVeiculo.Domain.csproj", "{22F84E89-F914-4ABB-A4E0-3CCA3139A00C}"
EndProject
Project("{9A19103F-16F7-4668-BE54-9A1E7A4F7556}") = "SeguroVeiculo.Infra.Repository", "SeguroVeiculo.Infra.Repository\SeguroVeiculo.Infra.Repository.csproj", "{0198E4C1-4782-469B-B8B3-5A40A4C5C3F5}"
EndProject
Project("{9A19103F-16F7-4668-BE54-9A1E7A4F7556}") = "SeguroVeiculo.Seedwork.Domain", "SeguroVeiculo.Seedwork.Domain\SeguroVeiculo.Seedwork.Domain.csproj", "{7B1629C4-55FB-4D63-8866-3C495BD5FEE1}"
EndProject
Project("{2150E333-8FDC-42A3-9474-1A3956D46DE8}") = "Seedwork", "Seedwork", "{F840C732-312C-45C4-8D10-FF39BE26B9CB}"
EndProject
Project("{9A19103F-16F7-4668-BE54-9A1E7A4F7556}") = "SeguroVeiculo.Seedwork.Repository", "SeguroVeiculo.Seedwork.Repository\SeguroVeiculo.Seedwork.Repository.csproj", "{1D8F9818-D115-462B-9B32-DF0274F5DFD9}"
EndProject
Project("{9A19103F-16F7-4668-BE54-9A1E7A4F7556}") = "SeguroVeiculo.WebApi", "SeguroVeiculo.WebApi\SeguroVeiculo.WebApi.csproj", "{C134F9AF-6A00-4693-83CB-4FC991E0EF5D}"
EndProject
Project("{9A19103F-16F7-4668-BE54-9A1E7A4F7556}") = "SeguroVeiculo.CrossCutting", "SeguroVeiculo.CrossCutting\SeguroVeiculo.CrossCutting.csproj", "{F09F7B63-20A1-4288-AC63-BC5ED27E389A}"
EndProject
Project("{9A19103F-16F7-4668-BE54-9A1E7A4F7556}") = "SeguroVeiculo.WebApi.Tests", "SeguroVeiculo.WebApi.Tests\SeguroVeiculo.WebApi.Tests.csproj", "{841AD4B5-CE58-4E05-9838-490CE65498E1}"
EndProject
Global
	GlobalSection(SolutionConfigurationPlatforms) = preSolution
		Debug|Any CPU = Debug|Any CPU
		Release|Any CPU = Release|Any CPU
	EndGlobalSection
	GlobalSection(ProjectConfigurationPlatforms) = postSolution
		{22F84E89-F914-4ABB-A4E0-3CCA3139A00C}.Debug|Any CPU.ActiveCfg = Debug|Any CPU
		{22F84E89-F914-4ABB-A4E0-3CCA3139A00C}.Debug|Any CPU.Build.0 = Debug|Any CPU
		{22F84E89-F914-4ABB-A4E0-3CCA3139A00C}.Release|Any CPU.ActiveCfg = Release|Any CPU
		{22F84E89-F914-4ABB-A4E0-3CCA3139A00C}.Release|Any CPU.Build.0 = Release|Any CPU
		{0198E4C1-4782-469B-B8B3-5A40A4C5C3F5}.Debug|Any CPU.ActiveCfg = Debug|Any CPU
		{0198E4C1-4782-469B-B8B3-5A40A4C5C3F5}.Debug|Any CPU.Build.0 = Debug|Any CPU
		{0198E4C1-4782-469B-B8B3-5A40A4C5C3F5}.Release|Any CPU.ActiveCfg = Release|Any CPU
		{0198E4C1-4782-469B-B8B3-5A40A4C5C3F5}.Release|Any CPU.Build.0 = Release|Any CPU
		{7B1629C4-55FB-4D63-8866-3C495BD5FEE1}.Debug|Any CPU.ActiveCfg = Debug|Any CPU
		{7B1629C4-55FB-4D63-8866-3C495BD5FEE1}.Debug|Any CPU.Build.0 = Debug|Any CPU
		{7B1629C4-55FB-4D63-8866-3C495BD5FEE1}.Release|Any CPU.ActiveCfg = Release|Any CPU
		{7B1629C4-55FB-4D63-8866-3C495BD5FEE1}.Release|Any CPU.Build.0 = Release|Any CPU
		{1D8F9818-D115-462B-9B32-DF0274F5DFD9}.Debug|Any CPU.ActiveCfg = Debug|Any CPU
		{1D8F9818-D115-462B-9B32-DF0274F5DFD9}.Debug|Any CPU.Build.0 = Debug|Any CPU
		{1D8F9818-D115-462B-9B32-DF0274F5DFD9}.Release|Any CPU.ActiveCfg = Release|Any CPU
		{1D8F9818-D115-462B-9B32-DF0274F5DFD9}.Release|Any CPU.Build.0 = Release|Any CPU
		{C134F9AF-6A00-4693-83CB-4FC991E0EF5D}.Debug|Any CPU.ActiveCfg = Debug|Any CPU
		{C134F9AF-6A00-4693-83CB-4FC991E0EF5D}.Debug|Any CPU.Build.0 = Debug|Any CPU
		{C134F9AF-6A00-4693-83CB-4FC991E0EF5D}.Release|Any CPU.ActiveCfg = Release|Any CPU
		{C134F9AF-6A00-4693-83CB-4FC991E0EF5D}.Release|Any CPU.Build.0 = Release|Any CPU
		{F09F7B63-20A1-4288-AC63-BC5ED27E389A}.Debug|Any CPU.ActiveCfg = Debug|Any CPU
		{F09F7B63-20A1-4288-AC63-BC5ED27E389A}.Debug|Any CPU.Build.0 = Debug|Any CPU
		{F09F7B63-20A1-4288-AC63-BC5ED27E389A}.Release|Any CPU.ActiveCfg = Release|Any CPU
		{F09F7B63-20A1-4288-AC63-BC5ED27E389A}.Release|Any CPU.Build.0 = Release|Any CPU
		{841AD4B5-CE58-4E05-9838-490CE65498E1}.Debug|Any CPU.ActiveCfg = Debug|Any CPU
		{841AD4B5-CE58-4E05-9838-490CE65498E1}.Debug|Any CPU.Build.0 = Debug|Any CPU
		{841AD4B5-CE58-4E05-9838-490CE65498E1}.Release|Any CPU.ActiveCfg = Release|Any CPU
		{841AD4B5-CE58-4E05-9838-490CE65498E1}.Release|Any CPU.Build.0 = Release|Any CPU
	EndGlobalSection
	GlobalSection(SolutionProperties) = preSolution
		HideSolutionNode = FALSE
	EndGlobalSection
	GlobalSection(NestedProjects) = preSolution
		{7B1629C4-55FB-4D63-8866-3C495BD5FEE1} = {F840C732-312C-45C4-8D10-FF39BE26B9CB}
		{1D8F9818-D115-462B-9B32-DF0274F5DFD9} = {F840C732-312C-45C4-8D10-FF39BE26B9CB}
	EndGlobalSection
	GlobalSection(ExtensibilityGlobals) = postSolution
		SolutionGuid = {5ACBEF6D-8E70-4E8A-8D8C-126E4E951460}
	EndGlobalSection
EndGlobal
